PODS:
  - Alamofire (4.7.2)
  - Bolts-Swift (1.3.0)
  - Bolts/Tasks (1.9.0)
  - Cloudinary (2.4.0):
    - Alamofire (~> 4.7.2)
  - GoogleBooksApiClient (0.0.4)
  - MessengerKit (1.0.0)
  - Parse (1.17.1):
    - Parse/Core (= 1.17.1)
  - Parse/Core (1.17.1):
    - Bolts/Tasks (~> 1.9)
  - ParseLiveQuery (2.4.0):
    - Bolts-Swift (~> 1.3.0)
    - Parse (~> 1.17.0)
    - Starscream (~> 3.0.4)
  - Starscream (3.0.5)
  - SwiftDate (4.5.1)
  - SwiftSpinner (1.5.0)
  - SwiftValidator (4.0.0)
  - SwiftyCam (2.7.0)
  - SwipeableTabBarController (1.2.1)

DEPENDENCIES:
  - Cloudinary
  - GoogleBooksApiClient
  - MessengerKit (from `https://github.com/marcospolanco/MessengerKit.git`)
  - Parse
  - ParseLiveQuery
  - SwiftDate
  - SwiftSpinner
  - SwiftValidator (from `https://github.com/jpotts18/SwiftValidator.git`, branch `master`)
  - SwiftyCam (from `https://github.com/Awalz/SwiftyCam.git`, branch `Swift4`)
  - SwipeableTabBarController

SPEC REPOS:
  https://github.com/cocoapods/specs.git:
    - Alamofire
    - Bolts
    - Bolts-Swift
    - Cloudinary
    - GoogleBooksApiClient
    - Parse
    - ParseLiveQuery
    - Starscream
    - SwiftDate
    - SwiftSpinner
    - SwipeableTabBarController

EXTERNAL SOURCES:
  MessengerKit:
    :git: https://github.com/marcospolanco/MessengerKit.git
  SwiftValidator:
    :branch: master
    :git: https://github.com/jpotts18/SwiftValidator.git
  SwiftyCam:
    :branch: Swift4
    :git: https://github.com/Awalz/SwiftyCam.git

CHECKOUT OPTIONS:
  MessengerKit:
    :commit: f949f82c6b6f792caf258f7e9cabba65569fa416
    :git: https://github.com/marcospolanco/MessengerKit.git
  SwiftValidator:
    :commit: ba27b0e501bf542b5c1a97bed8f706d12fb2d4f4
    :git: https://github.com/jpotts18/SwiftValidator.git
  SwiftyCam:
    :commit: 56848489531e1343fecf7244bb87af1a5a343e1c
    :git: https://github.com/Awalz/SwiftyCam.git

SPEC CHECKSUMS:
  Alamofire: e4fa87002c137ba2d8d634d2c51fabcda0d5c223
  Bolts: ac6567323eac61e203f6a9763667d0f711be34c8
  Bolts-Swift: fa98d1b59fc1acea9b21a21306dcdca1c85e3737
  Cloudinary: d87b545d6a5d00c4022bec964839fdaf359d7c53
  GoogleBooksApiClient: a2c931bcfa2d5251a2ed7945f7a424f7a720563b
  MessengerKit: 98afa44728b8e12672ece6db7764433e72832bf7
  Parse: d3edaf8c7c722cb33cb83ba7821d015ae32d362d
  ParseLiveQuery: 0ea078a12015d64070d0ae07da32fae3d3198c42
  Starscream: faf918b2f2eff7d5dd21180646bf015a669673bd
  SwiftDate: 7b56d42a221f582047287deb256b23fc5ed49a60
  SwiftSpinner: 4c058c7a1d6b444dd2e1d70988ead40783097133
  SwiftValidator: 25ded5ca1f10c05adf57f6ac82a72d28ac8d91af
  SwiftyCam: 7c826b73a5b208677aee29390582c771bf748661
  SwipeableTabBarController: 975a6cb090a2eef4c676697731f5c6cbc831009e

PODFILE CHECKSUM: 9e0d6c6ab71fd4af3ebc80eb1ff2b3ae70e83508

COCOAPODS: 1.5.3
