// !$*UTF8*$!
{
	archiveVersion = 1;
	classes = {
	};
	objectVersion = 50;
	objects = {

/* Begin PBXBuildFile section */
		2E1F32E5AF7DBA366138BA75 /* Pods_VisorChat.framework in Frameworks */ = {isa = PBXBuildFile; fileRef = CB7F9539637D96B14BC23A3D /* Pods_VisorChat.framework */; };
		EF39E15820E5BFA900262C67 /* MainAppViewController.swift in Sources */ = {isa = PBXBuildFile; fileRef = EF39E15720E5BFA900262C67 /* MainAppViewController.swift */; };
		EF39E15A20E5BFC900262C67 /* MainAppViewController.storyboard in Resources */ = {isa = PBXBuildFile; fileRef = EF39E15920E5BFC900262C67 /* MainAppViewController.storyboard */; };
		EF39E15C20E5C00500262C67 /* PeopleFinderViewController.swift in Sources */ = {isa = PBXBuildFile; fileRef = EF39E15B20E5C00500262C67 /* PeopleFinderViewController.swift */; };
		EF39E15E20E5C02300262C67 /* PeopleFinderViewController.storyboard in Resources */ = {isa = PBXBuildFile; fileRef = EF39E15D20E5C02300262C67 /* PeopleFinderViewController.storyboard */; };
		EF3DD41720DFF14B0080E736 /* AppDelegate.swift in Sources */ = {isa = PBXBuildFile; fileRef = EF3DD41620DFF14B0080E736 /* AppDelegate.swift */; };
		EF3DD41920DFF14B0080E736 /* FeedViewController.swift in Sources */ = {isa = PBXBuildFile; fileRef = EF3DD41820DFF14B0080E736 /* FeedViewController.swift */; };
		EF3DD41C20DFF14B0080E736 /* Main.storyboard in Resources */ = {isa = PBXBuildFile; fileRef = EF3DD41A20DFF14B0080E736 /* Main.storyboard */; };
		EF3DD41E20DFF14E0080E736 /* Assets.xcassets in Resources */ = {isa = PBXBuildFile; fileRef = EF3DD41D20DFF14E0080E736 /* Assets.xcassets */; };
		EF3DD42120DFF14E0080E736 /* LaunchScreen.storyboard in Resources */ = {isa = PBXBuildFile; fileRef = EF3DD41F20DFF14E0080E736 /* LaunchScreen.storyboard */; };
		EF3DD42920DFF32B0080E736 /* Config.plist in Resources */ = {isa = PBXBuildFile; fileRef = EF3DD42820DFF32B0080E736 /* Config.plist */; };
		EF58608F20E1D39700D32EC8 /* AuthenticationViewController.storyboard in Resources */ = {isa = PBXBuildFile; fileRef = EF58608E20E1D39700D32EC8 /* AuthenticationViewController.storyboard */; };
		EF58609220E1D3B900D32EC8 /* SignupViewController.swift in Sources */ = {isa = PBXBuildFile; fileRef = EF58609120E1D3B900D32EC8 /* SignupViewController.swift */; };
		EFD4724820E3AF7F00AA8C5E /* LoginViewController.swift in Sources */ = {isa = PBXBuildFile; fileRef = EFD4724720E3AF7F00AA8C5E /* LoginViewController.swift */; };
		EFF6EB2820E7CEF500BCB1F0 /* VisorMessageInputView.xib in Resources */ = {isa = PBXBuildFile; fileRef = EFF6EB2720E7CEF500BCB1F0 /* VisorMessageInputView.xib */; };
		EFF6EB2A20E7D51000BCB1F0 /* VisorMessageInputView.swift in Sources */ = {isa = PBXBuildFile; fileRef = EFF6EB2920E7D51000BCB1F0 /* VisorMessageInputView.swift */; };
		EFF6EB2C20E7FD7000BCB1F0 /* CameraViewController.swift in Sources */ = {isa = PBXBuildFile; fileRef = EFF6EB2B20E7FD7000BCB1F0 /* CameraViewController.swift */; };
		EFF6EB2E20E7FE6A00BCB1F0 /* CameraViewController.storyboard in Resources */ = {isa = PBXBuildFile; fileRef = EFF6EB2D20E7FE6A00BCB1F0 /* CameraViewController.storyboard */; };
		EFF8F8D120E1E394003CBA0D /* FeedViewController.storyboard in Resources */ = {isa = PBXBuildFile; fileRef = EFF8F8D020E1E394003CBA0D /* FeedViewController.storyboard */; };
		EFF8F8D320E1E3F6003CBA0D /* MainNavigationController.swift in Sources */ = {isa = PBXBuildFile; fileRef = EFF8F8D220E1E3F6003CBA0D /* MainNavigationController.swift */; };
		EFF8F8D520E3AC6B003CBA0D /* AuthenticationViewController.swift in Sources */ = {isa = PBXBuildFile; fileRef = EFF8F8D420E3AC6B003CBA0D /* AuthenticationViewController.swift */; };
		EFF8F8D720E3ADF0003CBA0D /* Utilities.swift in Sources */ = {isa = PBXBuildFile; fileRef = EFF8F8D620E3ADF0003CBA0D /* Utilities.swift */; };
		EFF8F8D920E3AE1E003CBA0D /* Model.swift in Sources */ = {isa = PBXBuildFile; fileRef = EFF8F8D820E3AE1E003CBA0D /* Model.swift */; };
/* End PBXBuildFile section */

/* Begin PBXFileReference section */
		9F56ED88430B694A7B0E90AC /* Pods-VisorChat.debug.xcconfig */ = {isa = PBXFileReference; includeInIndex = 1; lastKnownFileType = text.xcconfig; name = "Pods-VisorChat.debug.xcconfig"; path = "Pods/Target Support Files/Pods-VisorChat/Pods-VisorChat.debug.xcconfig"; sourceTree = "<group>"; };
		CB7F9539637D96B14BC23A3D /* Pods_VisorChat.framework */ = {isa = PBXFileReference; explicitFileType = wrapper.framework; includeInIndex = 0; path = Pods_VisorChat.framework; sourceTree = BUILT_PRODUCTS_DIR; };
		EF39E15720E5BFA900262C67 /* MainAppViewController.swift */ = {isa = PBXFileReference; lastKnownFileType = sourcecode.swift; path = MainAppViewController.swift; sourceTree = "<group>"; };
		EF39E15920E5BFC900262C67 /* MainAppViewController.storyboard */ = {isa = PBXFileReference; lastKnownFileType = file.storyboard; path = MainAppViewController.storyboard; sourceTree = "<group>"; };
		EF39E15B20E5C00500262C67 /* PeopleFinderViewController.swift */ = {isa = PBXFileReference; lastKnownFileType = sourcecode.swift; path = PeopleFinderViewController.swift; sourceTree = "<group>"; };
		EF39E15D20E5C02300262C67 /* PeopleFinderViewController.storyboard */ = {isa = PBXFileReference; lastKnownFileType = file.storyboard; path = PeopleFinderViewController.storyboard; sourceTree = "<group>"; };
		EF3DD41320DFF14B0080E736 /* VisorChat.app */ = {isa = PBXFileReference; explicitFileType = wrapper.application; includeInIndex = 0; path = VisorChat.app; sourceTree = BUILT_PRODUCTS_DIR; };
		EF3DD41620DFF14B0080E736 /* AppDelegate.swift */ = {isa = PBXFileReference; lastKnownFileType = sourcecode.swift; path = AppDelegate.swift; sourceTree = "<group>"; };
		EF3DD41820DFF14B0080E736 /* FeedViewController.swift */ = {isa = PBXFileReference; lastKnownFileType = sourcecode.swift; path = FeedViewController.swift; sourceTree = "<group>"; };
		EF3DD41B20DFF14B0080E736 /* Base */ = {isa = PBXFileReference; lastKnownFileType = file.storyboard; name = Base; path = Base.lproj/Main.storyboard; sourceTree = "<group>"; };
		EF3DD41D20DFF14E0080E736 /* Assets.xcassets */ = {isa = PBXFileReference; lastKnownFileType = folder.assetcatalog; path = Assets.xcassets; sourceTree = "<group>"; };
		EF3DD42020DFF14E0080E736 /* Base */ = {isa = PBXFileReference; lastKnownFileType = file.storyboard; name = Base; path = Base.lproj/LaunchScreen.storyboard; sourceTree = "<group>"; };
		EF3DD42220DFF14E0080E736 /* Info.plist */ = {isa = PBXFileReference; lastKnownFileType = text.plist.xml; path = Info.plist; sourceTree = "<group>"; };
		EF3DD42820DFF32B0080E736 /* Config.plist */ = {isa = PBXFileReference; lastKnownFileType = text.plist.xml; path = Config.plist; sourceTree = "<group>"; };
		EF58608E20E1D39700D32EC8 /* AuthenticationViewController.storyboard */ = {isa = PBXFileReference; lastKnownFileType = file.storyboard; path = AuthenticationViewController.storyboard; sourceTree = "<group>"; };
		EF58609120E1D3B900D32EC8 /* SignupViewController.swift */ = {isa = PBXFileReference; lastKnownFileType = sourcecode.swift; path = SignupViewController.swift; sourceTree = "<group>"; };
		EFD4724720E3AF7F00AA8C5E /* LoginViewController.swift */ = {isa = PBXFileReference; lastKnownFileType = sourcecode.swift; path = LoginViewController.swift; sourceTree = "<group>"; };
		EFF6EB2720E7CEF500BCB1F0 /* VisorMessageInputView.xib */ = {isa = PBXFileReference; fileEncoding = 4; lastKnownFileType = file.xib; path = VisorMessageInputView.xib; sourceTree = "<group>"; };
		EFF6EB2920E7D51000BCB1F0 /* VisorMessageInputView.swift */ = {isa = PBXFileReference; lastKnownFileType = sourcecode.swift; path = VisorMessageInputView.swift; sourceTree = "<group>"; };
		EFF6EB2B20E7FD7000BCB1F0 /* CameraViewController.swift */ = {isa = PBXFileReference; lastKnownFileType = sourcecode.swift; path = CameraViewController.swift; sourceTree = "<group>"; };
		EFF6EB2D20E7FE6A00BCB1F0 /* CameraViewController.storyboard */ = {isa = PBXFileReference; lastKnownFileType = file.storyboard; path = CameraViewController.storyboard; sourceTree = "<group>"; };
		EFF8F8D020E1E394003CBA0D /* FeedViewController.storyboard */ = {isa = PBXFileReference; fileEncoding = 4; lastKnownFileType = file.storyboard; path = FeedViewController.storyboard; sourceTree = "<group>"; };
		EFF8F8D220E1E3F6003CBA0D /* MainNavigationController.swift */ = {isa = PBXFileReference; lastKnownFileType = sourcecode.swift; path = MainNavigationController.swift; sourceTree = "<group>"; };
		EFF8F8D420E3AC6B003CBA0D /* AuthenticationViewController.swift */ = {isa = PBXFileReference; lastKnownFileType = sourcecode.swift; path = AuthenticationViewController.swift; sourceTree = "<group>"; };
		EFF8F8D620E3ADF0003CBA0D /* Utilities.swift */ = {isa = PBXFileReference; lastKnownFileType = sourcecode.swift; path = Utilities.swift; sourceTree = "<group>"; };
		EFF8F8D820E3AE1E003CBA0D /* Model.swift */ = {isa = PBXFileReference; lastKnownFileType = sourcecode.swift; path = Model.swift; sourceTree = "<group>"; };
		F2783332B26C93B7E41B834E /* Pods-VisorChat.release.xcconfig */ = {isa = PBXFileReference; includeInIndex = 1; lastKnownFileType = text.xcconfig; name = "Pods-VisorChat.release.xcconfig"; path = "Pods/Target Support Files/Pods-VisorChat/Pods-VisorChat.release.xcconfig"; sourceTree = "<group>"; };
/* End PBXFileReference section */

/* Begin PBXFrameworksBuildPhase section */
		EF3DD41020DFF14B0080E736 /* Frameworks */ = {
			isa = PBXFrameworksBuildPhase;
			buildActionMask = 2147483647;
			files = (
				2E1F32E5AF7DBA366138BA75 /* Pods_VisorChat.framework in Frameworks */,
			);
			runOnlyForDeploymentPostprocessing = 0;
		};
/* End PBXFrameworksBuildPhase section */

/* Begin PBXGroup section */
		03F99C7AEA106DAEE1019EE8 /* Frameworks */ = {
			isa = PBXGroup;
			children = (
				CB7F9539637D96B14BC23A3D /* Pods_VisorChat.framework */,
			);
			name = Frameworks;
			sourceTree = "<group>";
		};
		9864C5AD9C81994535E4DD58 /* Pods */ = {
			isa = PBXGroup;
			children = (
				9F56ED88430B694A7B0E90AC /* Pods-VisorChat.debug.xcconfig */,
				F2783332B26C93B7E41B834E /* Pods-VisorChat.release.xcconfig */,
			);
			name = Pods;
			sourceTree = "<group>";
		};
		EF3DD40A20DFF14B0080E736 = {
			isa = PBXGroup;
			children = (
				EF3DD41520DFF14B0080E736 /* VisorChat */,
				EF3DD41420DFF14B0080E736 /* Products */,
				9864C5AD9C81994535E4DD58 /* Pods */,
				03F99C7AEA106DAEE1019EE8 /* Frameworks */,
			);
			sourceTree = "<group>";
		};
		EF3DD41420DFF14B0080E736 /* Products */ = {
			isa = PBXGroup;
			children = (
				EF3DD41320DFF14B0080E736 /* VisorChat.app */,
			);
			name = Products;
			sourceTree = "<group>";
		};
		EF3DD41520DFF14B0080E736 /* VisorChat */ = {
			isa = PBXGroup;
			children = (
				EFF6EB2720E7CEF500BCB1F0 /* VisorMessageInputView.xib */,
				EFF8F8D020E1E394003CBA0D /* FeedViewController.storyboard */,
				EF39E15720E5BFA900262C67 /* MainAppViewController.swift */,
				EF39E15920E5BFC900262C67 /* MainAppViewController.storyboard */,
				EF39E15B20E5C00500262C67 /* PeopleFinderViewController.swift */,
				EF39E15D20E5C02300262C67 /* PeopleFinderViewController.storyboard */,
				EF3DD41620DFF14B0080E736 /* AppDelegate.swift */,
				EFF8F8D220E1E3F6003CBA0D /* MainNavigationController.swift */,
				EF3DD41820DFF14B0080E736 /* FeedViewController.swift */,
				EFF6EB2920E7D51000BCB1F0 /* VisorMessageInputView.swift */,
				EFF6EB2B20E7FD7000BCB1F0 /* CameraViewController.swift */,
				EFF6EB2D20E7FE6A00BCB1F0 /* CameraViewController.storyboard */,
				EFF8F8D820E3AE1E003CBA0D /* Model.swift */,
				EF3DD41A20DFF14B0080E736 /* Main.storyboard */,
				EFF8F8D620E3ADF0003CBA0D /* Utilities.swift */,
				EF3DD41D20DFF14E0080E736 /* Assets.xcassets */,
				EF58609020E1D3A000D32EC8 /* Authentication */,
				EF3DD41F20DFF14E0080E736 /* LaunchScreen.storyboard */,
				EF3DD42220DFF14E0080E736 /* Info.plist */,
				EF3DD42820DFF32B0080E736 /* Config.plist */,
			);
			path = VisorChat;
			sourceTree = "<group>";
		};
		EF58609020E1D3A000D32EC8 /* Authentication */ = {
			isa = PBXGroup;
			children = (
				EFF8F8D420E3AC6B003CBA0D /* AuthenticationViewController.swift */,
				EF58609120E1D3B900D32EC8 /* SignupViewController.swift */,
				EFD4724720E3AF7F00AA8C5E /* LoginViewController.swift */,
				EF58608E20E1D39700D32EC8 /* AuthenticationViewController.storyboard */,
			);
			path = Authentication;
			sourceTree = "<group>";
		};
/* End PBXGroup section */

/* Begin PBXNativeTarget section */
		EF3DD41220DFF14B0080E736 /* VisorChat */ = {
			isa = PBXNativeTarget;
			buildConfigurationList = EF3DD42520DFF14E0080E736 /* Build configuration list for PBXNativeTarget "VisorChat" */;
			buildPhases = (
				AD95604F2B8B57432E6F4492 /* [CP] Check Pods Manifest.lock */,
				EF3DD40F20DFF14B0080E736 /* Sources */,
				EF3DD41020DFF14B0080E736 /* Frameworks */,
				EF3DD41120DFF14B0080E736 /* Resources */,
				8942DDBFA3CFA848BF4033D6 /* [CP] Embed Pods Frameworks */,
			);
			buildRules = (
			);
			dependencies = (
			);
			name = VisorChat;
			productName = VisorChat;
			productReference = EF3DD41320DFF14B0080E736 /* VisorChat.app */;
			productType = "com.apple.product-type.application";
		};
/* End PBXNativeTarget section */

/* Begin PBXProject section */
		EF3DD40B20DFF14B0080E736 /* Project object */ = {
			isa = PBXProject;
			attributes = {
				LastSwiftUpdateCheck = 0940;
				LastUpgradeCheck = 0940;
				ORGANIZATIONNAME = "Visor Labs";
				TargetAttributes = {
					EF3DD41220DFF14B0080E736 = {
						CreatedOnToolsVersion = 9.4.1;
					};
				};
			};
			buildConfigurationList = EF3DD40E20DFF14B0080E736 /* Build configuration list for PBXProject "VisorChat" */;
			compatibilityVersion = "Xcode 9.3";
			developmentRegion = en;
			hasScannedForEncodings = 0;
			knownRegions = (
				en,
				Base,
			);
			mainGroup = EF3DD40A20DFF14B0080E736;
			productRefGroup = EF3DD41420DFF14B0080E736 /* Products */;
			projectDirPath = "";
			projectRoot = "";
			targets = (
				EF3DD41220DFF14B0080E736 /* VisorChat */,
			);
		};
/* End PBXProject section */

/* Begin PBXResourcesBuildPhase section */
		EF3DD41120DFF14B0080E736 /* Resources */ = {
			isa = PBXResourcesBuildPhase;
			buildActionMask = 2147483647;
			files = (
				EF39E15E20E5C02300262C67 /* PeopleFinderViewController.storyboard in Resources */,
				EFF6EB2820E7CEF500BCB1F0 /* VisorMessageInputView.xib in Resources */,
				EFF6EB2E20E7FE6A00BCB1F0 /* CameraViewController.storyboard in Resources */,
				EF3DD42920DFF32B0080E736 /* Config.plist in Resources */,
				EFF8F8D120E1E394003CBA0D /* FeedViewController.storyboard in Resources */,
				EF39E15A20E5BFC900262C67 /* MainAppViewController.storyboard in Resources */,
				EF3DD42120DFF14E0080E736 /* LaunchScreen.storyboard in Resources */,
				EF3DD41E20DFF14E0080E736 /* Assets.xcassets in Resources */,
				EF3DD41C20DFF14B0080E736 /* Main.storyboard in Resources */,
				EF58608F20E1D39700D32EC8 /* AuthenticationViewController.storyboard in Resources */,
			);
			runOnlyForDeploymentPostprocessing = 0;
		};
/* End PBXResourcesBuildPhase section */

/* Begin PBXShellScriptBuildPhase section */
		8942DDBFA3CFA848BF4033D6 /* [CP] Embed Pods Frameworks */ = {
			isa = PBXShellScriptBuildPhase;
			buildActionMask = 2147483647;
			files = (
			);
			inputPaths = (
				"${SRCROOT}/Pods/Target Support Files/Pods-VisorChat/Pods-VisorChat-frameworks.sh",
				"${BUILT_PRODUCTS_DIR}/Alamofire/Alamofire.framework",
				"${BUILT_PRODUCTS_DIR}/Bolts-Swift/BoltsSwift.framework",
				"${BUILT_PRODUCTS_DIR}/Bolts/Bolts.framework",
				"${BUILT_PRODUCTS_DIR}/Cloudinary/Cloudinary.framework",
				"${BUILT_PRODUCTS_DIR}/MessengerKit/MessengerKit.framework",
				"${BUILT_PRODUCTS_DIR}/Parse/Parse.framework",
				"${BUILT_PRODUCTS_DIR}/ParseLiveQuery/ParseLiveQuery.framework",
				"${BUILT_PRODUCTS_DIR}/Starscream/Starscream.framework",
				"${BUILT_PRODUCTS_DIR}/SwiftDate/SwiftDate.framework",
				"${BUILT_PRODUCTS_DIR}/SwiftSpinner/SwiftSpinner.framework",
				"${BUILT_PRODUCTS_DIR}/SwiftValidator/SwiftValidator.framework",
				"${BUILT_PRODUCTS_DIR}/SwiftyCam/SwiftyCam.framework",
				"${BUILT_PRODUCTS_DIR}/SwipeableTabBarController/SwipeableTabBarController.framework",
			);
			name = "[CP] Embed Pods Frameworks";
			outputPaths = (
				"${TARGET_BUILD_DIR}/${FRAMEWORKS_FOLDER_PATH}/Alamofire.framework",
				"${TARGET_BUILD_DIR}/${FRAMEWORKS_FOLDER_PATH}/BoltsSwift.framework",
				"${TARGET_BUILD_DIR}/${FRAMEWORKS_FOLDER_PATH}/Bolts.framework",
				"${TARGET_BUILD_DIR}/${FRAMEWORKS_FOLDER_PATH}/Cloudinary.framework",
				"${TARGET_BUILD_DIR}/${FRAMEWORKS_FOLDER_PATH}/MessengerKit.framework",
				"${TARGET_BUILD_DIR}/${FRAMEWORKS_FOLDER_PATH}/Parse.framework",
				"${TARGET_BUILD_DIR}/${FRAMEWORKS_FOLDER_PATH}/ParseLiveQuery.framework",
				"${TARGET_BUILD_DIR}/${FRAMEWORKS_FOLDER_PATH}/Starscream.framework",
				"${TARGET_BUILD_DIR}/${FRAMEWORKS_FOLDER_PATH}/SwiftDate.framework",
				"${TARGET_BUILD_DIR}/${FRAMEWORKS_FOLDER_PATH}/SwiftSpinner.framework",
				"${TARGET_BUILD_DIR}/${FRAMEWORKS_FOLDER_PATH}/SwiftValidator.framework",
				"${TARGET_BUILD_DIR}/${FRAMEWORKS_FOLDER_PATH}/SwiftyCam.framework",
				"${TARGET_BUILD_DIR}/${FRAMEWORKS_FOLDER_PATH}/SwipeableTabBarController.framework",
			);
			runOnlyForDeploymentPostprocessing = 0;
			shellPath = /bin/sh;
			shellScript = "\"${SRCROOT}/Pods/Target Support Files/Pods-VisorChat/Pods-VisorChat-frameworks.sh\"\n";
			showEnvVarsInLog = 0;
		};
		AD95604F2B8B57432E6F4492 /* [CP] Check Pods Manifest.lock */ = {
			isa = PBXShellScriptBuildPhase;
			buildActionMask = 2147483647;
			files = (
			);
			inputPaths = (
				"${PODS_PODFILE_DIR_PATH}/Podfile.lock",
				"${PODS_ROOT}/Manifest.lock",
			);
			name = "[CP] Check Pods Manifest.lock";
			outputPaths = (
				"$(DERIVED_FILE_DIR)/Pods-VisorChat-checkManifestLockResult.txt",
			);
			runOnlyForDeploymentPostprocessing = 0;
			shellPath = /bin/sh;
			shellScript = "diff \"${PODS_PODFILE_DIR_PATH}/Podfile.lock\" \"${PODS_ROOT}/Manifest.lock\" > /dev/null\nif [ $? != 0 ] ; then\n    # print error to STDERR\n    echo \"error: The sandbox is not in sync with the Podfile.lock. Run 'pod install' or update your CocoaPods installation.\" >&2\n    exit 1\nfi\n# This output is used by Xcode 'outputs' to avoid re-running this script phase.\necho \"SUCCESS\" > \"${SCRIPT_OUTPUT_FILE_0}\"\n";
			showEnvVarsInLog = 0;
		};
/* End PBXShellScriptBuildPhase section */

/* Begin PBXSourcesBuildPhase section */
		EF3DD40F20DFF14B0080E736 /* Sources */ = {
			isa = PBXSourcesBuildPhase;
			buildActionMask = 2147483647;
			files = (
				EFF8F8D920E3AE1E003CBA0D /* Model.swift in Sources */,
				EF39E15820E5BFA900262C67 /* MainAppViewController.swift in Sources */,
				EF39E15C20E5C00500262C67 /* PeopleFinderViewController.swift in Sources */,
				EFF8F8D720E3ADF0003CBA0D /* Utilities.swift in Sources */,
				EF58609220E1D3B900D32EC8 /* SignupViewController.swift in Sources */,
				EFF6EB2C20E7FD7000BCB1F0 /* CameraViewController.swift in Sources */,
				EF3DD41920DFF14B0080E736 /* FeedViewController.swift in Sources */,
				EFF6EB2A20E7D51000BCB1F0 /* VisorMessageInputView.swift in Sources */,
				EFD4724820E3AF7F00AA8C5E /* LoginViewController.swift in Sources */,
				EFF8F8D520E3AC6B003CBA0D /* AuthenticationViewController.swift in Sources */,
				EFF8F8D320E1E3F6003CBA0D /* MainNavigationController.swift in Sources */,
				EF3DD41720DFF14B0080E736 /* AppDelegate.swift in Sources */,
			);
			runOnlyForDeploymentPostprocessing = 0;
		};
/* End PBXSourcesBuildPhase section */

/* Begin PBXVariantGroup section */
		EF3DD41A20DFF14B0080E736 /* Main.storyboard */ = {
			isa = PBXVariantGroup;
			children = (
				EF3DD41B20DFF14B0080E736 /* Base */,
			);
			name = Main.storyboard;
			sourceTree = "<group>";
		};
		EF3DD41F20DFF14E0080E736 /* LaunchScreen.storyboard */ = {
			isa = PBXVariantGroup;
			children = (
				EF3DD42020DFF14E0080E736 /* Base */,
			);
			name = LaunchScreen.storyboard;
			sourceTree = "<group>";
		};
/* End PBXVariantGroup section */

/* Begin XCBuildConfiguration section */
		EF3DD42320DFF14E0080E736 /* Debug */ = {
			isa = XCBuildConfiguration;
			buildSettings = {
				ALWAYS_SEARCH_USER_PATHS = NO;
				CLANG_ANALYZER_NONNULL = YES;
				CLANG_ANALYZER_NUMBER_OBJECT_CONVERSION = YES_AGGRESSIVE;
				CLANG_CXX_LANGUAGE_STANDARD = "gnu++14";
				CLANG_CXX_LIBRARY = "libc++";
				CLANG_ENABLE_MODULES = YES;
				CLANG_ENABLE_OBJC_ARC = YES;
				CLANG_ENABLE_OBJC_WEAK = YES;
				CLANG_WARN_BLOCK_CAPTURE_AUTORELEASING = YES;
				CLANG_WARN_BOOL_CONVERSION = YES;
				CLANG_WARN_COMMA = YES;
				CLANG_WARN_CONSTANT_CONVERSION = YES;
				CLANG_WARN_DEPRECATED_OBJC_IMPLEMENTATIONS = YES;
				CLANG_WARN_DIRECT_OBJC_ISA_USAGE = YES_ERROR;
				CLANG_WARN_DOCUMENTATION_COMMENTS = YES;
				CLANG_WARN_EMPTY_BODY = YES;
				CLANG_WARN_ENUM_CONVERSION = YES;
				CLANG_WARN_INFINITE_RECURSION = YES;
				CLANG_WARN_INT_CONVERSION = YES;
				CLANG_WARN_NON_LITERAL_NULL_CONVERSION = YES;
				CLANG_WARN_OBJC_IMPLICIT_RETAIN_SELF = YES;
				CLANG_WARN_OBJC_LITERAL_CONVERSION = YES;
				CLANG_WARN_OBJC_ROOT_CLASS = YES_ERROR;
				CLANG_WARN_RANGE_LOOP_ANALYSIS = YES;
				CLANG_WARN_STRICT_PROTOTYPES = YES;
				CLANG_WARN_SUSPICIOUS_MOVE = YES;
				CLANG_WARN_UNGUARDED_AVAILABILITY = YES_AGGRESSIVE;
				CLANG_WARN_UNREACHABLE_CODE = YES;
				CLANG_WARN__DUPLICATE_METHOD_MATCH = YES;
				CODE_SIGN_IDENTITY = "iPhone Developer";
				COPY_PHASE_STRIP = NO;
				DEBUG_INFORMATION_FORMAT = dwarf;
				ENABLE_STRICT_OBJC_MSGSEND = YES;
				ENABLE_TESTABILITY = YES;
				GCC_C_LANGUAGE_STANDARD = gnu11;
				GCC_DYNAMIC_NO_PIC = NO;
				GCC_NO_COMMON_BLOCKS = YES;
				GCC_OPTIMIZATION_LEVEL = 0;
				GCC_PREPROCESSOR_DEFINITIONS = (
					"DEBUG=1",
					"$(inherited)",
				);
				GCC_WARN_64_TO_32_BIT_CONVERSION = YES;
				GCC_WARN_ABOUT_RETURN_TYPE = YES_ERROR;
				GCC_WARN_UNDECLARED_SELECTOR = YES;
				GCC_WARN_UNINITIALIZED_AUTOS = YES_AGGRESSIVE;
				GCC_WARN_UNUSED_FUNCTION = YES;
				GCC_WARN_UNUSED_VARIABLE = YES;
				IPHONEOS_DEPLOYMENT_TARGET = 11.4;
				MTL_ENABLE_DEBUG_INFO = YES;
				ONLY_ACTIVE_ARCH = YES;
				SDKROOT = iphoneos;
				SWIFT_ACTIVE_COMPILATION_CONDITIONS = DEBUG;
				SWIFT_OPTIMIZATION_LEVEL = "-Onone";
			};
			name = Debug;
		};
		EF3DD42420DFF14E0080E736 /* Release */ = {
			isa = XCBuildConfiguration;
			buildSettings = {
				ALWAYS_SEARCH_USER_PATHS = NO;
				CLANG_ANALYZER_NONNULL = YES;
				CLANG_ANALYZER_NUMBER_OBJECT_CONVERSION = YES_AGGRESSIVE;
				CLANG_CXX_LANGUAGE_STANDARD = "gnu++14";
				CLANG_CXX_LIBRARY = "libc++";
				CLANG_ENABLE_MODULES = YES;
				CLANG_ENABLE_OBJC_ARC = YES;
				CLANG_ENABLE_OBJC_WEAK = YES;
				CLANG_WARN_BLOCK_CAPTURE_AUTORELEASING = YES;
				CLANG_WARN_BOOL_CONVERSION = YES;
				CLANG_WARN_COMMA = YES;
				CLANG_WARN_CONSTANT_CONVERSION = YES;
				CLANG_WARN_DEPRECATED_OBJC_IMPLEMENTATIONS = YES;
				CLANG_WARN_DIRECT_OBJC_ISA_USAGE = YES_ERROR;
				CLANG_WARN_DOCUMENTATION_COMMENTS = YES;
				CLANG_WARN_EMPTY_BODY = YES;
				CLANG_WARN_ENUM_CONVERSION = YES;
				CLANG_WARN_INFINITE_RECURSION = YES;
				CLANG_WARN_INT_CONVERSION = YES;
				CLANG_WARN_NON_LITERAL_NULL_CONVERSION = YES;
				CLANG_WARN_OBJC_IMPLICIT_RETAIN_SELF = YES;
				CLANG_WARN_OBJC_LITERAL_CONVERSION = YES;
				CLANG_WARN_OBJC_ROOT_CLASS = YES_ERROR;
				CLANG_WARN_RANGE_LOOP_ANALYSIS = YES;
				CLANG_WARN_STRICT_PROTOTYPES = YES;
				CLANG_WARN_SUSPICIOUS_MOVE = YES;
				CLANG_WARN_UNGUARDED_AVAILABILITY = YES_AGGRESSIVE;
				CLANG_WARN_UNREACHABLE_CODE = YES;
				CLANG_WARN__DUPLICATE_METHOD_MATCH = YES;
				CODE_SIGN_IDENTITY = "iPhone Developer";
				COPY_PHASE_STRIP = NO;
				DEBUG_INFORMATION_FORMAT = "dwarf-with-dsym";
				ENABLE_NS_ASSERTIONS = NO;
				ENABLE_STRICT_OBJC_MSGSEND = YES;
				GCC_C_LANGUAGE_STANDARD = gnu11;
				GCC_NO_COMMON_BLOCKS = YES;
				GCC_WARN_64_TO_32_BIT_CONVERSION = YES;
				GCC_WARN_ABOUT_RETURN_TYPE = YES_ERROR;
				GCC_WARN_UNDECLARED_SELECTOR = YES;
				GCC_WARN_UNINITIALIZED_AUTOS = YES_AGGRESSIVE;
				GCC_WARN_UNUSED_FUNCTION = YES;
				GCC_WARN_UNUSED_VARIABLE = YES;
				IPHONEOS_DEPLOYMENT_TARGET = 11.4;
				MTL_ENABLE_DEBUG_INFO = NO;
				SDKROOT = iphoneos;
				SWIFT_COMPILATION_MODE = wholemodule;
				SWIFT_OPTIMIZATION_LEVEL = "-O";
				VALIDATE_PRODUCT = YES;
			};
			name = Release;
		};
		EF3DD42620DFF14E0080E736 /* Debug */ = {
			isa = XCBuildConfiguration;
			baseConfigurationReference = 9F56ED88430B694A7B0E90AC /* Pods-VisorChat.debug.xcconfig */;
			buildSettings = {
				ASSETCATALOG_COMPILER_APPICON_NAME = AppIcon;
				CODE_SIGN_STYLE = Automatic;
				DEVELOPMENT_TEAM = Y57L54HDUX;
				INFOPLIST_FILE = VisorChat/Info.plist;
				LD_RUNPATH_SEARCH_PATHS = "$(inherited) @executable_path/Frameworks";
				PRODUCT_BUNDLE_IDENTIFIER = com.visorlabs.VisorChat;
				PRODUCT_NAME = "$(TARGET_NAME)";
				SWIFT_VERSION = 4.0;
				TARGETED_DEVICE_FAMILY = "1,2";
			};
			name = Debug;
		};
		EF3DD42720DFF14E0080E736 /* Release */ = {
			isa = XCBuildConfiguration;
			baseConfigurationReference = F2783332B26C93B7E41B834E /* Pods-VisorChat.release.xcconfig */;
			buildSettings = {
				ASSETCATALOG_COMPILER_APPICON_NAME = AppIcon;
				CODE_SIGN_STYLE = Automatic;
				DEVELOPMENT_TEAM = Y57L54HDUX;
				INFOPLIST_FILE = VisorChat/Info.plist;
				LD_RUNPATH_SEARCH_PATHS = "$(inherited) @executable_path/Frameworks";
				PRODUCT_BUNDLE_IDENTIFIER = com.visorlabs.VisorChat;
				PRODUCT_NAME = "$(TARGET_NAME)";
				SWIFT_VERSION = 4.0;
				TARGETED_DEVICE_FAMILY = "1,2";
			};
			name = Release;
		};
/* End XCBuildConfiguration section */

/* Begin XCConfigurationList section */
		EF3DD40E20DFF14B0080E736 /* Build configuration list for PBXProject "VisorChat" */ = {
			isa = XCConfigurationList;
			buildConfigurations = (
				EF3DD42320DFF14E0080E736 /* Debug */,
				EF3DD42420DFF14E0080E736 /* Release */,
			);
			defaultConfigurationIsVisible = 0;
			defaultConfigurationName = Release;
		};
		EF3DD42520DFF14E0080E736 /* Build configuration list for PBXNativeTarget "VisorChat" */ = {
			isa = XCConfigurationList;
			buildConfigurations = (
				EF3DD42620DFF14E0080E736 /* Debug */,
				EF3DD42720DFF14E0080E736 /* Release */,
			);
			defaultConfigurationIsVisible = 0;
			defaultConfigurationName = Release;
		};
/* End XCConfigurationList section */
	};
	rootObject = EF3DD40B20DFF14B0080E736 /* Project object */;
}
